
Microsoft Visual Studio Solution File, Format Version 12.00
# Visual Studio 14
VisualStudioVersion = 14.0.25123.0
MinimumVisualStudioVersion = 10.0.40219.1
Project("{F14B399A-7131-4C87-9E4B-1186C45EF12D}") = "Chapter02", "Chapter02.rptproj", "{15A358D6-0031-4648-B066-8CF04A02F2B6}"
EndProject
Global
	GlobalSection(SolutionConfigurationPlatforms) = preSolution
		Debug|Default = Debug|Default
		DebugLocal|Default = DebugLocal|Default
		Release|Default = Release|Default
	EndGlobalSection
	GlobalSection(ProjectConfigurationPlatforms) = postSolution
		{15A358D6-0031-4648-B066-8CF04A02F2B6}.Debug|Default.ActiveCfg = Debug
		{15A358D6-0031-4648-B066-8CF04A02F2B6}.Debug|Default.Build.0 = Debug
		{15A358D6-0031-4648-B066-8CF04A02F2B6}.Debug|Default.Deploy.0 = Debug
		{15A358D6-0031-4648-B066-8CF04A02F2B6}.DebugLocal|Default.ActiveCfg = DebugLocal
		{15A358D6-0031-4648-B066-8CF04A02F2B6}.DebugLocal|Default.Build.0 = DebugLocal
		{15A358D6-0031-4648-B066-8CF04A02F2B6}.Release|Default.ActiveCfg = Release
		{15A358D6-0031-4648-B066-8CF04A02F2B6}.Release|Default.Build.0 = Release
		{15A358D6-0031-4648-B066-8CF04A02F2B6}.Release|Default.Deploy.0 = Release
	EndGlobalSection
	GlobalSection(SolutionProperties) = preSolution
		HideSolutionNode = FALSE
	EndGlobalSection
EndGlobal
